hash: d4054532d45389bbd81ac2a825be55257b4fa5f47eea2723a41c261b706f37f6
updated: 2016-05-27T22:46:09.321523792+08:00
imports:
- name: github.com/golang/glog
  version: 23def4e6c14b4da8ac2ed8007337bc5eb5007998
- name: github.com/robfig/cron
  version: 8dc4916d418b9d0b2e23c9c1e68351dc9a1d6573
- name: gopkg.in/gcfg.v1
  version: 083575c3955c85df16fe9590cceab64d03f5eb6e
  subpackages:
  - scanner
  - token
  - types
- name: gopkg.in/go-playground/pool.v1
  version: 7f37f4c92e71475945ec7c4ed4b07a34bb7c1966
devImports: []
