hash: 492d8b38ea752298970566b9d51b86f08b99547a9e1ba2ff069046843d40d747
updated: 2016-05-19T17:22:07.976548861+08:00
imports:
- name: github.com/golang/glog
  version: 23def4e6c14b4da8ac2ed8007337bc5eb5007998
- name: github.com/robfig/cron
  version: 8dc4916d418b9d0b2e23c9c1e68351dc9a1d6573
- name: gopkg.in/gcfg.v1
  version: 083575c3955c85df16fe9590cceab64d03f5eb6e
  subpackages:
  - scanner
  - token
  - types
devImports: []
